// !$*UTF8*$!
{
	archiveVersion = 1;
	classes = {
	};
	objectVersion = 46;
	objects = {

/* Begin PBXBuildFile section */
		77A9C6EC1DEECCDE00EF0C0C /* AppDelegate.swift in Sources */ = {isa = PBXBuildFile; fileRef = 77A9C6EB1DEECCDE00EF0C0C /* AppDelegate.swift */; };
		77A9C6EE1DEECCDE00EF0C0C /* ViewController.swift in Sources */ = {isa = PBXBuildFile; fileRef = 77A9C6ED1DEECCDE00EF0C0C /* ViewController.swift */; };
		77A9C6F11DEECCDE00EF0C0C /* Main.storyboard in Resources */ = {isa = PBXBuildFile; fileRef = 77A9C6EF1DEECCDE00EF0C0C /* Main.storyboard */; };
		77A9C6F31DEECCDE00EF0C0C /* Assets.xcassets in Resources */ = {isa = PBXBuildFile; fileRef = 77A9C6F21DEECCDE00EF0C0C /* Assets.xcassets */; };
		77A9C6F61DEECCDE00EF0C0C /* LaunchScreen.storyboard in Resources */ = {isa = PBXBuildFile; fileRef = 77A9C6F41DEECCDE00EF0C0C /* LaunchScreen.storyboard */; };
		77A9C7011DEECCDE00EF0C0C /* CalculatorTests.swift in Sources */ = {isa = PBXBuildFile; fileRef = 77A9C7001DEECCDE00EF0C0C /* CalculatorTests.swift */; };
		77A9C70C1DEECD0800EF0C0C /* Calculator.swift in Sources */ = {isa = PBXBuildFile; fileRef = 77A9C70B1DEECD0800EF0C0C /* Calculator.swift */; };
		77A9C70E1DEED4B200EF0C0C /* Token.swift in Sources */ = {isa = PBXBuildFile; fileRef = 77A9C70D1DEED4B200EF0C0C /* Token.swift */; };
		77A9C7101DEED4C500EF0C0C /* Operator.swift in Sources */ = {isa = PBXBuildFile; fileRef = 77A9C70F1DEED4C500EF0C0C /* Operator.swift */; };
		77A9C7121DEED4DC00EF0C0C /* AddOperator.swift in Sources */ = {isa = PBXBuildFile; fileRef = 77A9C7111DEED4DC00EF0C0C /* AddOperator.swift */; };
		77A9C7141DEEDD6600EF0C0C /* SubOperator.swift in Sources */ = {isa = PBXBuildFile; fileRef = 77A9C7131DEEDD6600EF0C0C /* SubOperator.swift */; };
		77A9C7161DEEDFE700EF0C0C /* MulOperator.swift in Sources */ = {isa = PBXBuildFile; fileRef = 77A9C7151DEEDFE700EF0C0C /* MulOperator.swift */; };
/* End PBXBuildFile section */

/* Begin PBXContainerItemProxy section */
		77A9C6FD1DEECCDE00EF0C0C /* PBXContainerItemProxy */ = {
			isa = PBXContainerItemProxy;
			containerPortal = 77A9C6E01DEECCDE00EF0C0C /* Project object */;
			proxyType = 1;
			remoteGlobalIDString = 77A9C6E71DEECCDE00EF0C0C;
			remoteInfo = Calculator;
		};
/* End PBXContainerItemProxy section */

/* Begin PBXFileReference section */
		77A9C6E81DEECCDE00EF0C0C /* Calculator.app */ = {isa = PBXFileReference; explicitFileType = wrapper.application; includeInIndex = 0; path = Calculator.app; sourceTree = BUILT_PRODUCTS_DIR; };
		77A9C6EB1DEECCDE00EF0C0C /* AppDelegate.swift */ = {isa = PBXFileReference; lastKnownFileType = sourcecode.swift; path = AppDelegate.swift; sourceTree = "<group>"; };
		77A9C6ED1DEECCDE00EF0C0C /* ViewController.swift */ = {isa = PBXFileReference; lastKnownFileType = sourcecode.swift; path = ViewController.swift; sourceTree = "<group>"; };
		77A9C6F01DEECCDE00EF0C0C /* Base */ = {isa = PBXFileReference; lastKnownFileType = file.storyboard; name = Base; path = Base.lproj/Main.storyboard; sourceTree = "<group>"; };
		77A9C6F21DEECCDE00EF0C0C /* Assets.xcassets */ = {isa = PBXFileReference; lastKnownFileType = folder.assetcatalog; path = Assets.xcassets; sourceTree = "<group>"; };
		77A9C6F51DEECCDE00EF0C0C /* Base */ = {isa = PBXFileReference; lastKnownFileType = file.storyboard; name = Base; path = Base.lproj/LaunchScreen.storyboard; sourceTree = "<group>"; };
		77A9C6F71DEECCDE00EF0C0C /* Info.plist */ = {isa = PBXFileReference; lastKnownFileType = text.plist.xml; path = Info.plist; sourceTree = "<group>"; };
		77A9C6FC1DEECCDE00EF0C0C /* CalculatorTests.xctest */ = {isa = PBXFileReference; explicitFileType = wrapper.cfbundle; includeInIndex = 0; path = CalculatorTests.xctest; sourceTree = BUILT_PRODUCTS_DIR; };
		77A9C7001DEECCDE00EF0C0C /* CalculatorTests.swift */ = {isa = PBXFileReference; lastKnownFileType = sourcecode.swift; path = CalculatorTests.swift; sourceTree = "<group>"; };
		77A9C7021DEECCDE00EF0C0C /* Info.plist */ = {isa = PBXFileReference; lastKnownFileType = text.plist.xml; path = Info.plist; sourceTree = "<group>"; };
		77A9C70B1DEECD0800EF0C0C /* Calculator.swift */ = {isa = PBXFileReference; fileEncoding = 4; lastKnownFileType = sourcecode.swift; path = Calculator.swift; sourceTree = "<group>"; };
		77A9C70D1DEED4B200EF0C0C /* Token.swift */ = {isa = PBXFileReference; fileEncoding = 4; lastKnownFileType = sourcecode.swift; path = Token.swift; sourceTree = "<group>"; };
		77A9C70F1DEED4C500EF0C0C /* Operator.swift */ = {isa = PBXFileReference; fileEncoding = 4; lastKnownFileType = sourcecode.swift; path = Operator.swift; sourceTree = "<group>"; };
		77A9C7111DEED4DC00EF0C0C /* AddOperator.swift */ = {isa = PBXFileReference; fileEncoding = 4; lastKnownFileType = sourcecode.swift; path = AddOperator.swift; sourceTree = "<group>"; };
		77A9C7131DEEDD6600EF0C0C /* SubOperator.swift */ = {isa = PBXFileReference; fileEncoding = 4; lastKnownFileType = sourcecode.swift; path = SubOperator.swift; sourceTree = "<group>"; };
		77A9C7151DEEDFE700EF0C0C /* MulOperator.swift */ = {isa = PBXFileReference; fileEncoding = 4; lastKnownFileType = sourcecode.swift; path = MulOperator.swift; sourceTree = "<group>"; };
/* End PBXFileReference section */

/* Begin PBXFrameworksBuildPhase section */
		77A9C6E51DEECCDE00EF0C0C /* Frameworks */ = {
			isa = PBXFrameworksBuildPhase;
			buildActionMask = 2147483647;
			files = (
			);
			runOnlyForDeploymentPostprocessing = 0;
		};
		77A9C6F91DEECCDE00EF0C0C /* Frameworks */ = {
			isa = PBXFrameworksBuildPhase;
			buildActionMask = 2147483647;
			files = (
			);
			runOnlyForDeploymentPostprocessing = 0;
		};
/* End PBXFrameworksBuildPhase section */

/* Begin PBXGroup section */
		77A9C6DF1DEECCDE00EF0C0C = {
			isa = PBXGroup;
			children = (
				77A9C6EA1DEECCDE00EF0C0C /* Calculator */,
				77A9C6FF1DEECCDE00EF0C0C /* CalculatorTests */,
				77A9C6E91DEECCDE00EF0C0C /* Products */,
			);
			sourceTree = "<group>";
		};
		77A9C6E91DEECCDE00EF0C0C /* Products */ = {
			isa = PBXGroup;
			children = (
				77A9C6E81DEECCDE00EF0C0C /* Calculator.app */,
				77A9C6FC1DEECCDE00EF0C0C /* CalculatorTests.xctest */,
			);
			name = Products;
			sourceTree = "<group>";
		};
		77A9C6EA1DEECCDE00EF0C0C /* Calculator */ = {
			isa = PBXGroup;
			children = (
				77A9C6EB1DEECCDE00EF0C0C /* AppDelegate.swift */,
				77A9C6ED1DEECCDE00EF0C0C /* ViewController.swift */,
				77A9C70B1DEECD0800EF0C0C /* Calculator.swift */,
				77A9C70D1DEED4B200EF0C0C /* Token.swift */,
				77A9C70F1DEED4C500EF0C0C /* Operator.swift */,
				77A9C7111DEED4DC00EF0C0C /* AddOperator.swift */,
				77A9C7131DEEDD6600EF0C0C /* SubOperator.swift */,
				77A9C7151DEEDFE700EF0C0C /* MulOperator.swift */,
				77A9C6EF1DEECCDE00EF0C0C /* Main.storyboard */,
				77A9C6F21DEECCDE00EF0C0C /* Assets.xcassets */,
				77A9C6F41DEECCDE00EF0C0C /* LaunchScreen.storyboard */,
				77A9C6F71DEECCDE00EF0C0C /* Info.plist */,
			);
			path = Calculator;
			sourceTree = "<group>";
		};
		77A9C6FF1DEECCDE00EF0C0C /* CalculatorTests */ = {
			isa = PBXGroup;
			children = (
				77A9C7001DEECCDE00EF0C0C /* CalculatorTests.swift */,
				77A9C7021DEECCDE00EF0C0C /* Info.plist */,
			);
			path = CalculatorTests;
			sourceTree = "<group>";
		};
/* End PBXGroup section */

/* Begin PBXNativeTarget section */
		77A9C6E71DEECCDE00EF0C0C /* Calculator */ = {
			isa = PBXNativeTarget;
			buildConfigurationList = 77A9C7051DEECCDE00EF0C0C /* Build configuration list for PBXNativeTarget "Calculator" */;
			buildPhases = (
				77A9C6E41DEECCDE00EF0C0C /* Sources */,
				77A9C6E51DEECCDE00EF0C0C /* Frameworks */,
				77A9C6E61DEECCDE00EF0C0C /* Resources */,
			);
			buildRules = (
			);
			dependencies = (
			);
			name = Calculator;
			productName = Calculator;
			productReference = 77A9C6E81DEECCDE00EF0C0C /* Calculator.app */;
			productType = "com.apple.product-type.application";
		};
		77A9C6FB1DEECCDE00EF0C0C /* CalculatorTests */ = {
			isa = PBXNativeTarget;
			buildConfigurationList = 77A9C7081DEECCDE00EF0C0C /* Build configuration list for PBXNativeTarget "CalculatorTests" */;
			buildPhases = (
				77A9C6F81DEECCDE00EF0C0C /* Sources */,
				77A9C6F91DEECCDE00EF0C0C /* Frameworks */,
				77A9C6FA1DEECCDE00EF0C0C /* Resources */,
			);
			buildRules = (
			);
			dependencies = (
				77A9C6FE1DEECCDE00EF0C0C /* PBXTargetDependency */,
			);
			name = CalculatorTests;
			productName = CalculatorTests;
			productReference = 77A9C6FC1DEECCDE00EF0C0C /* CalculatorTests.xctest */;
			productType = "com.apple.product-type.bundle.unit-test";
		};
/* End PBXNativeTarget section */

/* Begin PBXProject section */
		77A9C6E01DEECCDE00EF0C0C /* Project object */ = {
			isa = PBXProject;
			attributes = {
				LastSwiftUpdateCheck = 0810;
				LastUpgradeCheck = 0810;
				ORGANIZATIONNAME = "Roll'n'Code";
				TargetAttributes = {
					77A9C6E71DEECCDE00EF0C0C = {
						CreatedOnToolsVersion = 8.1;
						DevelopmentTeam = F3L83SFX87;
						ProvisioningStyle = Automatic;
					};
					77A9C6FB1DEECCDE00EF0C0C = {
						CreatedOnToolsVersion = 8.1;
						DevelopmentTeam = F3L83SFX87;
						ProvisioningStyle = Automatic;
						TestTargetID = 77A9C6E71DEECCDE00EF0C0C;
					};
				};
			};
			buildConfigurationList = 77A9C6E31DEECCDE00EF0C0C /* Build configuration list for PBXProject "Calculator" */;
			compatibilityVersion = "Xcode 3.2";
			developmentRegion = English;
			hasScannedForEncodings = 0;
			knownRegions = (
				en,
				Base,
			);
			mainGroup = 77A9C6DF1DEECCDE00EF0C0C;
			productRefGroup = 77A9C6E91DEECCDE00EF0C0C /* Products */;
			projectDirPath = "";
			projectRoot = "";
			targets = (
				77A9C6E71DEECCDE00EF0C0C /* Calculator */,
				77A9C6FB1DEECCDE00EF0C0C /* CalculatorTests */,
			);
		};
/* End PBXProject section */

/* Begin PBXResourcesBuildPhase section */
		77A9C6E61DEECCDE00EF0C0C /* Resources */ = {
			isa = PBXResourcesBuildPhase;
			buildActionMask = 2147483647;
			files = (
				77A9C6F61DEECCDE00EF0C0C /* LaunchScreen.storyboard in Resources */,
				77A9C6F31DEECCDE00EF0C0C /* Assets.xcassets in Resources */,
				77A9C6F11DEECCDE00EF0C0C /* Main.storyboard in Resources */,
			);
			runOnlyForDeploymentPostprocessing = 0;
		};
		77A9C6FA1DEECCDE00EF0C0C /* Resources */ = {
			isa = PBXResourcesBuildPhase;
			buildActionMask = 2147483647;
			files = (
			);
			runOnlyForDeploymentPostprocessing = 0;
		};
/* End PBXResourcesBuildPhase section */

/* Begin PBXSourcesBuildPhase section */
		77A9C6E41DEECCDE00EF0C0C /* Sources */ = {
			isa = PBXSourcesBuildPhase;
			buildActionMask = 2147483647;
			files = (
				77A9C7141DEEDD6600EF0C0C /* SubOperator.swift in Sources */,
				77A9C6EE1DEECCDE00EF0C0C /* ViewController.swift in Sources */,
				77A9C6EC1DEECCDE00EF0C0C /* AppDelegate.swift in Sources */,
				77A9C7101DEED4C500EF0C0C /* Operator.swift in Sources */,
				77A9C7121DEED4DC00EF0C0C /* AddOperator.swift in Sources */,
				77A9C70C1DEECD0800EF0C0C /* Calculator.swift in Sources */,
				77A9C7161DEEDFE700EF0C0C /* MulOperator.swift in Sources */,
				77A9C70E1DEED4B200EF0C0C /* Token.swift in Sources */,
			);
			runOnlyForDeploymentPostprocessing = 0;
		};
		77A9C6F81DEECCDE00EF0C0C /* Sources */ = {
			isa = PBXSourcesBuildPhase;
			buildActionMask = 2147483647;
			files = (
				77A9C7011DEECCDE00EF0C0C /* CalculatorTests.swift in Sources */,
			);
			runOnlyForDeploymentPostprocessing = 0;
		};
/* End PBXSourcesBuildPhase section */

/* Begin PBXTargetDependency section */
		77A9C6FE1DEECCDE00EF0C0C /* PBXTargetDependency */ = {
			isa = PBXTargetDependency;
			target = 77A9C6E71DEECCDE00EF0C0C /* Calculator */;
			targetProxy = 77A9C6FD1DEECCDE00EF0C0C /* PBXContainerItemProxy */;
		};
/* End PBXTargetDependency section */

/* Begin PBXVariantGroup section */
		77A9C6EF1DEECCDE00EF0C0C /* Main.storyboard */ = {
			isa = PBXVariantGroup;
			children = (
				77A9C6F01DEECCDE00EF0C0C /* Base */,
			);
			name = Main.storyboard;
			sourceTree = "<group>";
		};
		77A9C6F41DEECCDE00EF0C0C /* LaunchScreen.storyboard */ = {
			isa = PBXVariantGroup;
			children = (
				77A9C6F51DEECCDE00EF0C0C /* Base */,
			);
			name = LaunchScreen.storyboard;
			sourceTree = "<group>";
		};
/* End PBXVariantGroup section */

/* Begin XCBuildConfiguration section */
		77A9C7031DEECCDE00EF0C0C /* Debug */ = {
			isa = XCBuildConfiguration;
			buildSettings = {
				ALWAYS_SEARCH_USER_PATHS = NO;
				CLANG_ANALYZER_NONNULL = YES;
				CLANG_CXX_LANGUAGE_STANDARD = "gnu++0x";
				CLANG_CXX_LIBRARY = "libc++";
				CLANG_ENABLE_MODULES = YES;
				CLANG_ENABLE_OBJC_ARC = YES;
				CLANG_WARN_BOOL_CONVERSION = YES;
				CLANG_WARN_CONSTANT_CONVERSION = YES;
				CLANG_WARN_DIRECT_OBJC_ISA_USAGE = YES_ERROR;
				CLANG_WARN_DOCUMENTATION_COMMENTS = YES;
				CLANG_WARN_EMPTY_BODY = YES;
				CLANG_WARN_ENUM_CONVERSION = YES;
				CLANG_WARN_INFINITE_RECURSION = YES;
				CLANG_WARN_INT_CONVERSION = YES;
				CLANG_WARN_OBJC_ROOT_CLASS = YES_ERROR;
				CLANG_WARN_SUSPICIOUS_MOVES = YES;
				CLANG_WARN_UNREACHABLE_CODE = YES;
				CLANG_WARN__DUPLICATE_METHOD_MATCH = YES;
				"CODE_SIGN_IDENTITY[sdk=iphoneos*]" = "iPhone Developer";
				COPY_PHASE_STRIP = NO;
				DEBUG_INFORMATION_FORMAT = dwarf;
				ENABLE_STRICT_OBJC_MSGSEND = YES;
				ENABLE_TESTABILITY = YES;
				GCC_C_LANGUAGE_STANDARD = gnu99;
				GCC_DYNAMIC_NO_PIC = NO;
				GCC_NO_COMMON_BLOCKS = YES;
				GCC_OPTIMIZATION_LEVEL = 0;
				GCC_PREPROCESSOR_DEFINITIONS = (
					"DEBUG=1",
					"$(inherited)",
				);
				GCC_WARN_64_TO_32_BIT_CONVERSION = YES;
				GCC_WARN_ABOUT_RETURN_TYPE = YES_ERROR;
				GCC_WARN_UNDECLARED_SELECTOR = YES;
				GCC_WARN_UNINITIALIZED_AUTOS = YES_AGGRESSIVE;
				GCC_WARN_UNUSED_FUNCTION = YES;
				GCC_WARN_UNUSED_VARIABLE = YES;
				IPHONEOS_DEPLOYMENT_TARGET = 10.1;
				MTL_ENABLE_DEBUG_INFO = YES;
				ONLY_ACTIVE_ARCH = YES;
				SDKROOT = iphoneos;
				SWIFT_ACTIVE_COMPILATION_CONDITIONS = DEBUG;
				SWIFT_OPTIMIZATION_LEVEL = "-Onone";
				TARGETED_DEVICE_FAMILY = "1,2";
			};
			name = Debug;
		};
		77A9C7041DEECCDE00EF0C0C /* Release */ = {
			isa = XCBuildConfiguration;
			buildSettings = {
				ALWAYS_SEARCH_USER_PATHS = NO;
				CLANG_ANALYZER_NONNULL = YES;
				CLANG_CXX_LANGUAGE_STANDARD = "gnu++0x";
				CLANG_CXX_LIBRARY = "libc++";
				CLANG_ENABLE_MODULES = YES;
				CLANG_ENABLE_OBJC_ARC = YES;
				CLANG_WARN_BOOL_CONVERSION = YES;
				CLANG_WARN_CONSTANT_CONVERSION = YES;
				CLANG_WARN_DIRECT_OBJC_ISA_USAGE = YES_ERROR;
				CLANG_WARN_DOCUMENTATION_COMMENTS = YES;
				CLANG_WARN_EMPTY_BODY = YES;
				CLANG_WARN_ENUM_CONVERSION = YES;
				CLANG_WARN_INFINITE_RECURSION = YES;
				CLANG_WARN_INT_CONVERSION = YES;
				CLANG_WARN_OBJC_ROOT_CLASS = YES_ERROR;
				CLANG_WARN_SUSPICIOUS_MOVES = YES;
				CLANG_WARN_UNREACHABLE_CODE = YES;
				CLANG_WARN__DUPLICATE_METHOD_MATCH = YES;
				"CODE_SIGN_IDENTITY[sdk=iphoneos*]" = "iPhone Developer";
				COPY_PHASE_STRIP = NO;
				DEBUG_INFORMATION_FORMAT = "dwarf-with-dsym";
				ENABLE_NS_ASSERTIONS = NO;
				ENABLE_STRICT_OBJC_MSGSEND = YES;
				GCC_C_LANGUAGE_STANDARD = gnu99;
				GCC_NO_COMMON_BLOCKS = YES;
				GCC_WARN_64_TO_32_BIT_CONVERSION = YES;
				GCC_WARN_ABOUT_RETURN_TYPE = YES_ERROR;
				GCC_WARN_UNDECLARED_SELECTOR = YES;
				GCC_WARN_UNINITIALIZED_AUTOS = YES_AGGRESSIVE;
				GCC_WARN_UNUSED_FUNCTION = YES;
				GCC_WARN_UNUSED_VARIABLE = YES;
				IPHONEOS_DEPLOYMENT_TARGET = 10.1;
				MTL_ENABLE_DEBUG_INFO = NO;
				SDKROOT = iphoneos;
				SWIFT_OPTIMIZATION_LEVEL = "-Owholemodule";
				TARGETED_DEVICE_FAMILY = "1,2";
				VALIDATE_PRODUCT = YES;
			};
			name = Release;
		};
		77A9C7061DEECCDE00EF0C0C /* Debug */ = {
			isa = XCBuildConfiguration;
			buildSettings = {
				ASSETCATALOG_COMPILER_APPICON_NAME = AppIcon;
				DEVELOPMENT_TEAM = F3L83SFX87;
				INFOPLIST_FILE = Calculator/Info.plist;
				LD_RUNPATH_SEARCH_PATHS = "$(inherited) @executable_path/Frameworks";
				PRODUCT_BUNDLE_IDENTIFIER = com.rollncode.Calculator;
				PRODUCT_NAME = "$(TARGET_NAME)";
				SWIFT_VERSION = 3.0;
			};
			name = Debug;
		};
		77A9C7071DEECCDE00EF0C0C /* Release */ = {
			isa = XCBuildConfiguration;
			buildSettings = {
				ASSETCATALOG_COMPILER_APPICON_NAME = AppIcon;
				DEVELOPMENT_TEAM = F3L83SFX87;
				INFOPLIST_FILE = Calculator/Info.plist;
				LD_RUNPATH_SEARCH_PATHS = "$(inherited) @executable_path/Frameworks";
				PRODUCT_BUNDLE_IDENTIFIER = com.rollncode.Calculator;
				PRODUCT_NAME = "$(TARGET_NAME)";
				SWIFT_VERSION = 3.0;
			};
			name = Release;
		};
		77A9C7091DEECCDE00EF0C0C /* Debug */ = {
			isa = XCBuildConfiguration;
			buildSettings = {
				ALWAYS_EMBED_SWIFT_STANDARD_LIBRARIES = YES;
				BUNDLE_LOADER = "$(TEST_HOST)";
				DEVELOPMENT_TEAM = F3L83SFX87;
				INFOPLIST_FILE = CalculatorTests/Info.plist;
				LD_RUNPATH_SEARCH_PATHS = "$(inherited) @executable_path/Frameworks @loader_path/Frameworks";
				PRODUCT_BUNDLE_IDENTIFIER = com.rollncode.CalculatorTests;
				PRODUCT_NAME = "$(TARGET_NAME)";
				SWIFT_VERSION = 3.0;
				TEST_HOST = "$(BUILT_PRODUCTS_DIR)/Calculator.app/Calculator";
			};
			name = Debug;
		};
		77A9C70A1DEECCDE00EF0C0C /* Release */ = {
			isa = XCBuildConfiguration;
			buildSettings = {
				ALWAYS_EMBED_SWIFT_STANDARD_LIBRARIES = YES;
				BUNDLE_LOADER = "$(TEST_HOST)";
				DEVELOPMENT_TEAM = F3L83SFX87;
				INFOPLIST_FILE = CalculatorTests/Info.plist;
				LD_RUNPATH_SEARCH_PATHS = "$(inherited) @executable_path/Frameworks @loader_path/Frameworks";
				PRODUCT_BUNDLE_IDENTIFIER = com.rollncode.CalculatorTests;
				PRODUCT_NAME = "$(TARGET_NAME)";
				SWIFT_VERSION = 3.0;
				TEST_HOST = "$(BUILT_PRODUCTS_DIR)/Calculator.app/Calculator";
			};
			name = Release;
		};
/* End XCBuildConfiguration section */

/* Begin XCConfigurationList section */
		77A9C6E31DEECCDE00EF0C0C /* Build configuration list for PBXProject "Calculator" */ = {
			isa = XCConfigurationList;
			buildConfigurations = (
				77A9C7031DEECCDE00EF0C0C /* Debug */,
				77A9C7041DEECCDE00EF0C0C /* Release */,
			);
			defaultConfigurationIsVisible = 0;
			defaultConfigurationName = Release;
		};
		77A9C7051DEECCDE00EF0C0C /* Build configuration list for PBXNativeTarget "Calculator" */ = {
			isa = XCConfigurationList;
			buildConfigurations = (
				77A9C7061DEECCDE00EF0C0C /* Debug */,
				77A9C7071DEECCDE00EF0C0C /* Release */,
			);
			defaultConfigurationIsVisible = 0;
		};
		77A9C7081DEECCDE00EF0C0C /* Build configuration list for PBXNativeTarget "CalculatorTests" */ = {
			isa = XCConfigurationList;
			buildConfigurations = (
				77A9C7091DEECCDE00EF0C0C /* Debug */,
				77A9C70A1DEECCDE00EF0C0C /* Release */,
			);
			defaultConfigurationIsVisible = 0;
		};
/* End XCConfigurationList section */
	};
	rootObject = 77A9C6E01DEECCDE00EF0C0C /* Project object */;
}
